
Microsoft Visual Studio Solution File, Format Version 12.00
# Visual Studio 15
VisualStudioVersion = 15.0.27004.2009
MinimumVisualStudioVersion = 10.0.40219.1
Project("{FAE04EC0-301F-11D3-BF4B-00C04F79EFBC}") = "WindowsFormsApp1", "WindowsFormsApp1\WindowsFormsApp1.csproj", "{F411E0B5-EF13-43B5-B12F-A1BC91FA126A}"
EndProject
Global
	GlobalSection(SolutionConfigurationPlatforms) = preSolution
		Debug|Any CPU = Debug|Any CPU
		Release|Any CPU = Release|Any CPU
	EndGlobalSection
	GlobalSection(ProjectConfigurationPlatforms) = postSolution
		{F411E0B5-EF13-43B5-B12F-A1BC91FA126A}.Debug|Any CPU.ActiveCfg = Debug|Any CPU
		{F411E0B5-EF13-43B5-B12F-A1BC91FA126A}.Debug|Any CPU.Build.0 = Debug|Any CPU
		{F411E0B5-EF13-43B5-B12F-A1BC91FA126A}.Release|Any CPU.ActiveCfg = Release|Any CPU
		{F411E0B5-EF13-43B5-B12F-A1BC91FA126A}.Release|Any CPU.Build.0 = Release|Any CPU
	EndGlobalSection
	GlobalSection(SolutionProperties) = preSolution
		HideSolutionNode = FALSE
	EndGlobalSection
	GlobalSection(ExtensibilityGlobals) = postSolution
		SolutionGuid = {F9E3B96F-FB9D-41DB-84D8-BC93E56E9AE5}
	EndGlobalSection
EndGlobal
